
Microsoft Visual Studio Solution File, Format Version 12.00
# Visual Studio Version 16
VisualStudioVersion = 16.0.31515.178
MinimumVisualStudioVersion = 10.0.40219.1
Project("{FAE04EC0-301F-11D3-BF4B-00C04F79EFBC}") = "PLCnext_CSharpExamples", "PLCnext_CSharpExamples\PLCnext_CSharpExamples.csproj", "{4AE7C157-212D-49DA-9C85-A49D9AADCBAF}"
EndProject
Project("{2150E333-8FDC-42A3-9474-1A3956D46DE8}") = "Doc", "Doc", "{E36E2DCF-3E98-461C-8E84-31BCFDF3E183}"
	ProjectSection(SolutionItems) = preProject
		CODE_OF_CONDUCT.md = CODE_OF_CONDUCT.md
		CONTRIBUTING.md = CONTRIBUTING.md
		CONTRIBUTORS.md = CONTRIBUTORS.md
		MAINTAINERS.md = MAINTAINERS.md
		README.md = README.md
		SECURITY.md = SECURITY.md
	EndProjectSection
EndProject
Global
	GlobalSection(SolutionConfigurationPlatforms) = preSolution
		Debug|Any CPU = Debug|Any CPU
		Release|Any CPU = Release|Any CPU
	EndGlobalSection
	GlobalSection(ProjectConfigurationPlatforms) = postSolution
		{4AE7C157-212D-49DA-9C85-A49D9AADCBAF}.Debug|Any CPU.ActiveCfg = Debug|Any CPU
		{4AE7C157-212D-49DA-9C85-A49D9AADCBAF}.Debug|Any CPU.Build.0 = Debug|Any CPU
		{4AE7C157-212D-49DA-9C85-A49D9AADCBAF}.Release|Any CPU.ActiveCfg = Release|Any CPU
		{4AE7C157-212D-49DA-9C85-A49D9AADCBAF}.Release|Any CPU.Build.0 = Release|Any CPU
	EndGlobalSection
	GlobalSection(SolutionProperties) = preSolution
		HideSolutionNode = FALSE
	EndGlobalSection
	GlobalSection(ExtensibilityGlobals) = postSolution
		SolutionGuid = {8F7608D9-76F5-482B-B8EC-59836AEC4FE7}
	EndGlobalSection
EndGlobal
